
Microsoft Visual Studio Solution File, Format Version 12.00
# Visual Studio Version 17
VisualStudioVersion = 17.14.36623.8 d17.14
MinimumVisualStudioVersion = 10.0.40219.1
Project("{FAE04EC0-301F-11D3-BF4B-00C04F79EFBC}") = "ConsoleApp1", "ConsoleApp1.csproj", "{03CC678D-D674-4061-BBB2-D98A1B7F410D}"
EndProject
Global
	GlobalSection(SolutionConfigurationPlatforms) = preSolution
		Debug|Any CPU = Debug|Any CPU
		Release|Any CPU = Release|Any CPU
	EndGlobalSection
	GlobalSection(ProjectConfigurationPlatforms) = postSolution
		{03CC678D-D674-4061-BBB2-D98A1B7F410D}.Debug|Any CPU.ActiveCfg = Debug|Any CPU
		{03CC678D-D674-4061-BBB2-D98A1B7F410D}.Debug|Any CPU.Build.0 = Debug|Any CPU
		{03CC678D-D674-4061-BBB2-D98A1B7F410D}.Release|Any CPU.ActiveCfg = Release|Any CPU
		{03CC678D-D674-4061-BBB2-D98A1B7F410D}.Release|Any CPU.Build.0 = Release|Any CPU
	EndGlobalSection
	GlobalSection(SolutionProperties) = preSolution
		HideSolutionNode = FALSE
	EndGlobalSection
	GlobalSection(ExtensibilityGlobals) = postSolution
		SolutionGuid = {FBFF30FD-3D5C-433E-9BFF-8FE3E126C074}
	EndGlobalSection
EndGlobal
